
Microsoft Visual Studio Solution File, Format Version 12.00
# Visual Studio Version 18
VisualStudioVersion = 18.9.12120.119
MinimumVisualStudioVersion = 10.0.40219.1
Project("{9A19103F-16F7-4668-BE54-9A1E7A4F7556}") = "AvnAudio", "AvnAudio\AvnAudio.csproj", "{607973DF-11B2-42C5-9D3E-318D98B02660}"
EndProject
Project("{FAE04EC0-301F-11D3-BF4B-00C04F79EFBC}") = "BlazorServerSignalRDemo", "BlazorServerSignalRDemo\BlazorServerSignalRDemo.csproj", "{495E4458-41E5-447D-8E35-052A8E5205ED}"
EndProject
Project("{FAE04EC0-301F-11D3-BF4B-00C04F79EFBC}") = "BlazorWasmDemo", "BlazorWasmDemo\BlazorWasmDemo.csproj", "{B4FB5DB0-719A-4078-9274-9653FFCD01FB}"
EndProject
Global
	GlobalSection(SolutionConfigurationPlatforms) = preSolution
		Debug|Any CPU = Debug|Any CPU
		Debug|x64 = Debug|x64
		Debug|x86 = Debug|x86
		Release|Any CPU = Release|Any CPU
		Release|x64 = Release|x64
		Release|x86 = Release|x86
	EndGlobalSection
	GlobalSection(ProjectConfigurationPlatforms) = postSolution
		{607973DF-11B2-42C5-9D3E-318D98B02660}.Debug|Any CPU.ActiveCfg = Debug|Any CPU
		{607973DF-11B2-42C5-9D3E-318D98B02660}.Debug|Any CPU.Build.0 = Debug|Any CPU
		{607973DF-11B2-42C5-9D3E-318D98B02660}.Debug|x64.ActiveCfg = Debug|Any CPU
		{607973DF-11B2-42C5-9D3E-318D98B02660}.Debug|x64.Build.0 = Debug|Any CPU
		{607973DF-11B2-42C5-9D3E-318D98B02660}.Debug|x86.ActiveCfg = Debug|Any CPU
		{607973DF-11B2-42C5-9D3E-318D98B02660}.Debug|x86.Build.0 = Debug|Any CPU
		{607973DF-11B2-42C5-9D3E-318D98B02660}.Release|Any CPU.ActiveCfg = Release|Any CPU
		{607973DF-11B2-42C5-9D3E-318D98B02660}.Release|Any CPU.Build.0 = Release|Any CPU
		{607973DF-11B2-42C5-9D3E-318D98B02660}.Release|x64.ActiveCfg = Release|Any CPU
		{607973DF-11B2-42C5-9D3E-318D98B02660}.Release|x64.Build.0 = Release|Any CPU
		{607973DF-11B2-42C5-9D3E-318D98B02660}.Release|x86.ActiveCfg = Release|Any CPU
		{607973DF-11B2-42C5-9D3E-318D98B02660}.Release|x86.Build.0 = Release|Any CPU
		{495E4458-41E5-447D-8E35-052A8E5205ED}.Debug|Any CPU.ActiveCfg = Debug|Any CPU
		{495E4458-41E5-447D-8E35-052A8E5205ED}.Debug|Any CPU.Build.0 = Debug|Any CPU
		{495E4458-41E5-447D-8E35-052A8E5205ED}.Debug|x64.ActiveCfg = Debug|Any CPU
		{495E4458-41E5-447D-8E35-052A8E5205ED}.Debug|x64.Build.0 = Debug|Any CPU
		{495E4458-41E5-447D-8E35-052A8E5205ED}.Debug|x86.ActiveCfg = Debug|Any CPU
		{495E4458-41E5-447D-8E35-052A8E5205ED}.Debug|x86.Build.0 = Debug|Any CPU
		{495E4458-41E5-447D-8E35-052A8E5205ED}.Release|Any CPU.ActiveCfg = Release|Any CPU
		{495E4458-41E5-447D-8E35-052A8E5205ED}.Release|Any CPU.Build.0 = Release|Any CPU
		{495E4458-41E5-447D-8E35-052A8E5205ED}.Release|x64.ActiveCfg = Release|Any CPU
		{495E4458-41E5-447D-8E35-052A8E5205ED}.Release|x64.Build.0 = Release|Any CPU
		{495E4458-41E5-447D-8E35-052A8E5205ED}.Release|x86.ActiveCfg = Release|Any CPU
		{495E4458-41E5-447D-8E35-052A8E5205ED}.Release|x86.Build.0 = Release|Any CPU
		{B4FB5DB0-719A-4078-9274-9653FFCD01FB}.Debug|Any CPU.ActiveCfg = Debug|Any CPU
		{B4FB5DB0-719A-4078-9274-9653FFCD01FB}.Debug|Any CPU.Build.0 = Debug|Any CPU
		{B4FB5DB0-719A-4078-9274-9653FFCD01FB}.Debug|x64.ActiveCfg = Debug|Any CPU
		{B4FB5DB0-719A-4078-9274-9653FFCD01FB}.Debug|x64.Build.0 = Debug|Any CPU
		{B4FB5DB0-719A-4078-9274-9653FFCD01FB}.Debug|x86.ActiveCfg = Debug|Any CPU
		{B4FB5DB0-719A-4078-9274-9653FFCD01FB}.Debug|x86.Build.0 = Debug|Any CPU
		{B4FB5DB0-719A-4078-9274-9653FFCD01FB}.Release|Any CPU.ActiveCfg = Release|Any CPU
		{B4FB5DB0-719A-4078-9274-9653FFCD01FB}.Release|Any CPU.Build.0 = Release|Any CPU
		{B4FB5DB0-719A-4078-9274-9653FFCD01FB}.Release|x64.ActiveCfg = Release|Any CPU
		{B4FB5DB0-719A-4078-9274-9653FFCD01FB}.Release|x64.Build.0 = Release|Any CPU
		{B4FB5DB0-719A-4078-9274-9653FFCD01FB}.Release|x86.ActiveCfg = Release|Any CPU
		{B4FB5DB0-719A-4078-9274-9653FFCD01FB}.Release|x86.Build.0 = Release|Any CPU
	EndGlobalSection
	GlobalSection(SolutionProperties) = preSolution
		HideSolutionNode = FALSE
	EndGlobalSection
	GlobalSection(ExtensibilityGlobals) = postSolution
		SolutionGuid = {C1697830-97E6-4525-BAF3-7352DE606E9F}
	EndGlobalSection
EndGlobal
